
Microsoft Visual Studio Solution File, Format Version 12.00
# Visual Studio Version 17
VisualStudioVersion = 17.10.35027.167
MinimumVisualStudioVersion = 10.0.40219.1
Project("{FAE04EC0-301F-11D3-BF4B-00C04F79EFBC}") = "SecureWebSite.Server", "SecureWebSite.Server\SecureWebSite.Server.csproj", "{7E0A5DC4-BB29-4692-94AA-A62E98F80F99}"
EndProject
Project("{54A90642-561A-4BB1-A94E-469ADEE60C69}") = "securewebsite.client", "securewebsite.client\securewebsite.client.esproj", "{65067A61-47E2-49AF-9361-B17208BEA6CD}"
EndProject
Global
	GlobalSection(SolutionConfigurationPlatforms) = preSolution
		Debug|Any CPU = Debug|Any CPU
		Release|Any CPU = Release|Any CPU
	EndGlobalSection
	GlobalSection(ProjectConfigurationPlatforms) = postSolution
		{7E0A5DC4-BB29-4692-94AA-A62E98F80F99}.Debug|Any CPU.ActiveCfg = Debug|Any CPU
		{7E0A5DC4-BB29-4692-94AA-A62E98F80F99}.Debug|Any CPU.Build.0 = Debug|Any CPU
		{7E0A5DC4-BB29-4692-94AA-A62E98F80F99}.Release|Any CPU.ActiveCfg = Release|Any CPU
		{7E0A5DC4-BB29-4692-94AA-A62E98F80F99}.Release|Any CPU.Build.0 = Release|Any CPU
		{65067A61-47E2-49AF-9361-B17208BEA6CD}.Debug|Any CPU.ActiveCfg = Debug|Any CPU
		{65067A61-47E2-49AF-9361-B17208BEA6CD}.Debug|Any CPU.Build.0 = Debug|Any CPU
		{65067A61-47E2-49AF-9361-B17208BEA6CD}.Debug|Any CPU.Deploy.0 = Debug|Any CPU
		{65067A61-47E2-49AF-9361-B17208BEA6CD}.Release|Any CPU.ActiveCfg = Release|Any CPU
		{65067A61-47E2-49AF-9361-B17208BEA6CD}.Release|Any CPU.Build.0 = Release|Any CPU
		{65067A61-47E2-49AF-9361-B17208BEA6CD}.Release|Any CPU.Deploy.0 = Release|Any CPU
	EndGlobalSection
	GlobalSection(SolutionProperties) = preSolution
		HideSolutionNode = FALSE
	EndGlobalSection
	GlobalSection(ExtensibilityGlobals) = postSolution
		SolutionGuid = {AF61360A-B564-4EC7-B51A-63D6F379ED36}
	EndGlobalSection
EndGlobal
